
Microsoft Visual Studio Solution File, Format Version 12.00
# Visual Studio Version 17
VisualStudioVersion = 17.14.36414.22
MinimumVisualStudioVersion = 10.0.40219.1
Project("{FAE04EC0-301F-11D3-BF4B-00C04F79EFBC}") = "Grupo E", "Grupo E\Grupo E.csproj", "{A9C19871-BEE3-461F-9640-4612E6AFD5D0}"
EndProject
Global
	GlobalSection(SolutionConfigurationPlatforms) = preSolution
		Debug|Any CPU = Debug|Any CPU
		Release|Any CPU = Release|Any CPU
	EndGlobalSection
	GlobalSection(ProjectConfigurationPlatforms) = postSolution
		{A9C19871-BEE3-461F-9640-4612E6AFD5D0}.Debug|Any CPU.ActiveCfg = Debug|Any CPU
		{A9C19871-BEE3-461F-9640-4612E6AFD5D0}.Debug|Any CPU.Build.0 = Debug|Any CPU
		{A9C19871-BEE3-461F-9640-4612E6AFD5D0}.Release|Any CPU.ActiveCfg = Release|Any CPU
		{A9C19871-BEE3-461F-9640-4612E6AFD5D0}.Release|Any CPU.Build.0 = Release|Any CPU
	EndGlobalSection
	GlobalSection(SolutionProperties) = preSolution
		HideSolutionNode = FALSE
	EndGlobalSection
	GlobalSection(ExtensibilityGlobals) = postSolution
		SolutionGuid = {D2BA97FF-573B-4546-B65C-0ED10B0A304B}
	EndGlobalSection
EndGlobal
